
Microsoft Visual Studio Solution File, Format Version 12.00
# Visual Studio Version 16
VisualStudioVersion = 16.0.31112.23
MinimumVisualStudioVersion = 10.0.40219.1
Project("{FAE04EC0-301F-11D3-BF4B-00C04F79EFBC}") = "CalculatorApp", "CalculatorApp\CalculatorApp.csproj", "{397A9AC6-5B66-40FD-AA78-46BE4EAADFD5}"
EndProject
Global
	GlobalSection(SolutionConfigurationPlatforms) = preSolution
		Debug|Any CPU = Debug|Any CPU
		Release|Any CPU = Release|Any CPU
	EndGlobalSection
	GlobalSection(ProjectConfigurationPlatforms) = postSolution
		{397A9AC6-5B66-40FD-AA78-46BE4EAADFD5}.Debug|Any CPU.ActiveCfg = Debug|Any CPU
		{397A9AC6-5B66-40FD-AA78-46BE4EAADFD5}.Debug|Any CPU.Build.0 = Debug|Any CPU
		{397A9AC6-5B66-40FD-AA78-46BE4EAADFD5}.Release|Any CPU.ActiveCfg = Release|Any CPU
		{397A9AC6-5B66-40FD-AA78-46BE4EAADFD5}.Release|Any CPU.Build.0 = Release|Any CPU
	EndGlobalSection
	GlobalSection(SolutionProperties) = preSolution
		HideSolutionNode = FALSE
	EndGlobalSection
	GlobalSection(ExtensibilityGlobals) = postSolution
		SolutionGuid = {B5DF91CB-5810-46D4-928E-78939C499931}
	EndGlobalSection
EndGlobal
